// !$*UTF8*$!
{
	archiveVersion = 1;
	classes = {
	};
	objectVersion = 46;
	objects = {

/* Begin PBXBuildFile section */
		3F1491371E6483970046746A /* AppDelegate.swift in Sources */ = {isa = PBXBuildFile; fileRef = 3F1491361E6483970046746A /* AppDelegate.swift */; };
		3F1491391E6483970046746A /* ViewController.swift in Sources */ = {isa = PBXBuildFile; fileRef = 3F1491381E6483970046746A /* ViewController.swift */; };
		3F14913C1E6483970046746A /* Main.storyboard in Resources */ = {isa = PBXBuildFile; fileRef = 3F14913A1E6483970046746A /* Main.storyboard */; };
		3F14913E1E6483970046746A /* Assets.xcassets in Resources */ = {isa = PBXBuildFile; fileRef = 3F14913D1E6483970046746A /* Assets.xcassets */; };
		3F1491411E6483970046746A /* LaunchScreen.storyboard in Resources */ = {isa = PBXBuildFile; fileRef = 3F14913F1E6483970046746A /* LaunchScreen.storyboard */; };
		3F14914C1E6483970046746A /* gitHubProjectTests.swift in Sources */ = {isa = PBXBuildFile; fileRef = 3F14914B1E6483970046746A /* gitHubProjectTests.swift */; };
		3F1491571E6483980046746A /* gitHubProjectUITests.swift in Sources */ = {isa = PBXBuildFile; fileRef = 3F1491561E6483980046746A /* gitHubProjectUITests.swift */; };
/* End PBXBuildFile section */

/* Begin PBXContainerItemProxy section */
		3F1491481E6483970046746A /* PBXContainerItemProxy */ = {
			isa = PBXContainerItemProxy;
			containerPortal = 3F14912B1E6483970046746A /* Project object */;
			proxyType = 1;
			remoteGlobalIDString = 3F1491321E6483970046746A;
			remoteInfo = gitHubProject;
		};
		3F1491531E6483980046746A /* PBXContainerItemProxy */ = {
			isa = PBXContainerItemProxy;
			containerPortal = 3F14912B1E6483970046746A /* Project object */;
			proxyType = 1;
			remoteGlobalIDString = 3F1491321E6483970046746A;
			remoteInfo = gitHubProject;
		};
/* End PBXContainerItemProxy section */

/* Begin PBXFileReference section */
		3F1491331E6483970046746A /* gitHubProject.app */ = {isa = PBXFileReference; explicitFileType = wrapper.application; includeInIndex = 0; path = gitHubProject.app; sourceTree = BUILT_PRODUCTS_DIR; };
		3F1491361E6483970046746A /* AppDelegate.swift */ = {isa = PBXFileReference; lastKnownFileType = sourcecode.swift; path = AppDelegate.swift; sourceTree = "<group>"; };
		3F1491381E6483970046746A /* ViewController.swift */ = {isa = PBXFileReference; lastKnownFileType = sourcecode.swift; path = ViewController.swift; sourceTree = "<group>"; };
		3F14913B1E6483970046746A /* Base */ = {isa = PBXFileReference; lastKnownFileType = file.storyboard; name = Base; path = Base.lproj/Main.storyboard; sourceTree = "<group>"; };
		3F14913D1E6483970046746A /* Assets.xcassets */ = {isa = PBXFileReference; lastKnownFileType = folder.assetcatalog; path = Assets.xcassets; sourceTree = "<group>"; };
		3F1491401E6483970046746A /* Base */ = {isa = PBXFileReference; lastKnownFileType = file.storyboard; name = Base; path = Base.lproj/LaunchScreen.storyboard; sourceTree = "<group>"; };
		3F1491421E6483970046746A /* Info.plist */ = {isa = PBXFileReference; lastKnownFileType = text.plist.xml; path = Info.plist; sourceTree = "<group>"; };
		3F1491471E6483970046746A /* gitHubProjectTests.xctest */ = {isa = PBXFileReference; explicitFileType = wrapper.cfbundle; includeInIndex = 0; path = gitHubProjectTests.xctest; sourceTree = BUILT_PRODUCTS_DIR; };
		3F14914B1E6483970046746A /* gitHubProjectTests.swift */ = {isa = PBXFileReference; lastKnownFileType = sourcecode.swift; path = gitHubProjectTests.swift; sourceTree = "<group>"; };
		3F14914D1E6483980046746A /* Info.plist */ = {isa = PBXFileReference; lastKnownFileType = text.plist.xml; path = Info.plist; sourceTree = "<group>"; };
		3F1491521E6483980046746A /* gitHubProjectUITests.xctest */ = {isa = PBXFileReference; explicitFileType = wrapper.cfbundle; includeInIndex = 0; path = gitHubProjectUITests.xctest; sourceTree = BUILT_PRODUCTS_DIR; };
		3F1491561E6483980046746A /* gitHubProjectUITests.swift */ = {isa = PBXFileReference; lastKnownFileType = sourcecode.swift; path = gitHubProjectUITests.swift; sourceTree = "<group>"; };
		3F1491581E6483980046746A /* Info.plist */ = {isa = PBXFileReference; lastKnownFileType = text.plist.xml; path = Info.plist; sourceTree = "<group>"; };
/* End PBXFileReference section */

/* Begin PBXFrameworksBuildPhase section */
		3F1491301E6483970046746A /* Frameworks */ = {
			isa = PBXFrameworksBuildPhase;
			buildActionMask = 2147483647;
			files = (
			);
			runOnlyForDeploymentPostprocessing = 0;
		};
		3F1491441E6483970046746A /* Frameworks */ = {
			isa = PBXFrameworksBuildPhase;
			buildActionMask = 2147483647;
			files = (
			);
			runOnlyForDeploymentPostprocessing = 0;
		};
		3F14914F1E6483980046746A /* Frameworks */ = {
			isa = PBXFrameworksBuildPhase;
			buildActionMask = 2147483647;
			files = (
			);
			runOnlyForDeploymentPostprocessing = 0;
		};
/* End PBXFrameworksBuildPhase section */

/* Begin PBXGroup section */
		3F14912A1E6483970046746A = {
			isa = PBXGroup;
			children = (
				3F1491351E6483970046746A /* gitHubProject */,
				3F14914A1E6483970046746A /* gitHubProjectTests */,
				3F1491551E6483980046746A /* gitHubProjectUITests */,
				3F1491341E6483970046746A /* Products */,
			);
			sourceTree = "<group>";
		};
		3F1491341E6483970046746A /* Products */ = {
			isa = PBXGroup;
			children = (
				3F1491331E6483970046746A /* gitHubProject.app */,
				3F1491471E6483970046746A /* gitHubProjectTests.xctest */,
				3F1491521E6483980046746A /* gitHubProjectUITests.xctest */,
			);
			name = Products;
			sourceTree = "<group>";
		};
		3F1491351E6483970046746A /* gitHubProject */ = {
			isa = PBXGroup;
			children = (
				3F1491361E6483970046746A /* AppDelegate.swift */,
				3F1491381E6483970046746A /* ViewController.swift */,
				3F14913A1E6483970046746A /* Main.storyboard */,
				3F14913D1E6483970046746A /* Assets.xcassets */,
				3F14913F1E6483970046746A /* LaunchScreen.storyboard */,
				3F1491421E6483970046746A /* Info.plist */,
			);
			path = gitHubProject;
			sourceTree = "<group>";
		};
		3F14914A1E6483970046746A /* gitHubProjectTests */ = {
			isa = PBXGroup;
			children = (
				3F14914B1E6483970046746A /* gitHubProjectTests.swift */,
				3F14914D1E6483980046746A /* Info.plist */,
			);
			path = gitHubProjectTests;
			sourceTree = "<group>";
		};
		3F1491551E6483980046746A /* gitHubProjectUITests */ = {
			isa = PBXGroup;
			children = (
				3F1491561E6483980046746A /* gitHubProjectUITests.swift */,
				3F1491581E6483980046746A /* Info.plist */,
			);
			path = gitHubProjectUITests;
			sourceTree = "<group>";
		};
/* End PBXGroup section */

/* Begin PBXNativeTarget section */
		3F1491321E6483970046746A /* gitHubProject */ = {
			isa = PBXNativeTarget;
			buildConfigurationList = 3F14915B1E6483980046746A /* Build configuration list for PBXNativeTarget "gitHubProject" */;
			buildPhases = (
				3F14912F1E6483970046746A /* Sources */,
				3F1491301E6483970046746A /* Frameworks */,
				3F1491311E6483970046746A /* Resources */,
			);
			buildRules = (
			);
			dependencies = (
			);
			name = gitHubProject;
			productName = gitHubProject;
			productReference = 3F1491331E6483970046746A /* gitHubProject.app */;
			productType = "com.apple.product-type.application";
		};
		3F1491461E6483970046746A /* gitHubProjectTests */ = {
			isa = PBXNativeTarget;
			buildConfigurationList = 3F14915E1E6483980046746A /* Build configuration list for PBXNativeTarget "gitHubProjectTests" */;
			buildPhases = (
				3F1491431E6483970046746A /* Sources */,
				3F1491441E6483970046746A /* Frameworks */,
				3F1491451E6483970046746A /* Resources */,
			);
			buildRules = (
			);
			dependencies = (
				3F1491491E6483970046746A /* PBXTargetDependency */,
			);
			name = gitHubProjectTests;
			productName = gitHubProjectTests;
			productReference = 3F1491471E6483970046746A /* gitHubProjectTests.xctest */;
			productType = "com.apple.product-type.bundle.unit-test";
		};
		3F1491511E6483980046746A /* gitHubProjectUITests */ = {
			isa = PBXNativeTarget;
			buildConfigurationList = 3F1491611E6483980046746A /* Build configuration list for PBXNativeTarget "gitHubProjectUITests" */;
			buildPhases = (
				3F14914E1E6483980046746A /* Sources */,
				3F14914F1E6483980046746A /* Frameworks */,
				3F1491501E6483980046746A /* Resources */,
			);
			buildRules = (
			);
			dependencies = (
				3F1491541E6483980046746A /* PBXTargetDependency */,
			);
			name = gitHubProjectUITests;
			productName = gitHubProjectUITests;
			productReference = 3F1491521E6483980046746A /* gitHubProjectUITests.xctest */;
			productType = "com.apple.product-type.bundle.ui-testing";
		};
/* End PBXNativeTarget section */

/* Begin PBXProject section */
		3F14912B1E6483970046746A /* Project object */ = {
			isa = PBXProject;
			attributes = {
				LastSwiftUpdateCheck = 0730;
				LastUpgradeCheck = 0730;
				ORGANIZATIONNAME = "erick apostol";
				TargetAttributes = {
					3F1491321E6483970046746A = {
						CreatedOnToolsVersion = 7.3.1;
					};
					3F1491461E6483970046746A = {
						CreatedOnToolsVersion = 7.3.1;
						TestTargetID = 3F1491321E6483970046746A;
					};
					3F1491511E6483980046746A = {
						CreatedOnToolsVersion = 7.3.1;
						TestTargetID = 3F1491321E6483970046746A;
					};
				};
			};
			buildConfigurationList = 3F14912E1E6483970046746A /* Build configuration list for PBXProject "gitHubProject" */;
			compatibilityVersion = "Xcode 3.2";
			developmentRegion = English;
			hasScannedForEncodings = 0;
			knownRegions = (
				en,
				Base,
			);
			mainGroup = 3F14912A1E6483970046746A;
			productRefGroup = 3F1491341E6483970046746A /* Products */;
			projectDirPath = "";
			projectRoot = "";
			targets = (
				3F1491321E6483970046746A /* gitHubProject */,
				3F1491461E6483970046746A /* gitHubProjectTests */,
				3F1491511E6483980046746A /* gitHubProjectUITests */,
			);
		};
/* End PBXProject section */

/* Begin PBXResourcesBuildPhase section */
		3F1491311E6483970046746A /* Resources */ = {
			isa = PBXResourcesBuildPhase;
			buildActionMask = 2147483647;
			files = (
				3F1491411E6483970046746A /* LaunchScreen.storyboard in Resources */,
				3F14913E1E6483970046746A /* Assets.xcassets in Resources */,
				3F14913C1E6483970046746A /* Main.storyboard in Resources */,
			);
			runOnlyForDeploymentPostprocessing = 0;
		};
		3F1491451E6483970046746A /* Resources */ = {
			isa = PBXResourcesBuildPhase;
			buildActionMask = 2147483647;
			files = (
			);
			runOnlyForDeploymentPostprocessing = 0;
		};
		3F1491501E6483980046746A /* Resources */ = {
			isa = PBXResourcesBuildPhase;
			buildActionMask = 2147483647;
			files = (
			);
			runOnlyForDeploymentPostprocessing = 0;
		};
/* End PBXResourcesBuildPhase section */

/* Begin PBXSourcesBuildPhase section */
		3F14912F1E6483970046746A /* Sources */ = {
			isa = PBXSourcesBuildPhase;
			buildActionMask = 2147483647;
			files = (
				3F1491391E6483970046746A /* ViewController.swift in Sources */,
				3F1491371E6483970046746A /* AppDelegate.swift in Sources */,
			);
			runOnlyForDeploymentPostprocessing = 0;
		};
		3F1491431E6483970046746A /* Sources */ = {
			isa = PBXSourcesBuildPhase;
			buildActionMask = 2147483647;
			files = (
				3F14914C1E6483970046746A /* gitHubProjectTests.swift in Sources */,
			);
			runOnlyForDeploymentPostprocessing = 0;
		};
		3F14914E1E6483980046746A /* Sources */ = {
			isa = PBXSourcesBuildPhase;
			buildActionMask = 2147483647;
			files = (
				3F1491571E6483980046746A /* gitHubProjectUITests.swift in Sources */,
			);
			runOnlyForDeploymentPostprocessing = 0;
		};
/* End PBXSourcesBuildPhase section */

/* Begin PBXTargetDependency section */
		3F1491491E6483970046746A /* PBXTargetDependency */ = {
			isa = PBXTargetDependency;
			target = 3F1491321E6483970046746A /* gitHubProject */;
			targetProxy = 3F1491481E6483970046746A /* PBXContainerItemProxy */;
		};
		3F1491541E6483980046746A /* PBXTargetDependency */ = {
			isa = PBXTargetDependency;
			target = 3F1491321E6483970046746A /* gitHubProject */;
			targetProxy = 3F1491531E6483980046746A /* PBXContainerItemProxy */;
		};
/* End PBXTargetDependency section */

/* Begin PBXVariantGroup section */
		3F14913A1E6483970046746A /* Main.storyboard */ = {
			isa = PBXVariantGroup;
			children = (
				3F14913B1E6483970046746A /* Base */,
			);
			name = Main.storyboard;
			sourceTree = "<group>";
		};
		3F14913F1E6483970046746A /* LaunchScreen.storyboard */ = {
			isa = PBXVariantGroup;
			children = (
				3F1491401E6483970046746A /* Base */,
			);
			name = LaunchScreen.storyboard;
			sourceTree = "<group>";
		};
/* End PBXVariantGroup section */

/* Begin XCBuildConfiguration section */
		3F1491591E6483980046746A /* Debug */ = {
			isa = XCBuildConfiguration;
			buildSettings = {
				ALWAYS_SEARCH_USER_PATHS = NO;
				CLANG_ANALYZER_NONNULL = YES;
				CLANG_CXX_LANGUAGE_STANDARD = "gnu++0x";
				CLANG_CXX_LIBRARY = "libc++";
				CLANG_ENABLE_MODULES = YES;
				CLANG_ENABLE_OBJC_ARC = YES;
				CLANG_WARN_BOOL_CONVERSION = YES;
				CLANG_WARN_CONSTANT_CONVERSION = YES;
				CLANG_WARN_DIRECT_OBJC_ISA_USAGE = YES_ERROR;
				CLANG_WARN_EMPTY_BODY = YES;
				CLANG_WARN_ENUM_CONVERSION = YES;
				CLANG_WARN_INT_CONVERSION = YES;
				CLANG_WARN_OBJC_ROOT_CLASS = YES_ERROR;
				CLANG_WARN_UNREACHABLE_CODE = YES;
				CLANG_WARN__DUPLICATE_METHOD_MATCH = YES;
				"CODE_SIGN_IDENTITY[sdk=iphoneos*]" = "iPhone Developer";
				COPY_PHASE_STRIP = NO;
				DEBUG_INFORMATION_FORMAT = dwarf;
				ENABLE_STRICT_OBJC_MSGSEND = YES;
				ENABLE_TESTABILITY = YES;
				GCC_C_LANGUAGE_STANDARD = gnu99;
				GCC_DYNAMIC_NO_PIC = NO;
				GCC_NO_COMMON_BLOCKS = YES;
				GCC_OPTIMIZATION_LEVEL = 0;
				GCC_PREPROCESSOR_DEFINITIONS = (
					"DEBUG=1",
					"$(inherited)",
				);
				GCC_WARN_64_TO_32_BIT_CONVERSION = YES;
				GCC_WARN_ABOUT_RETURN_TYPE = YES_ERROR;
				GCC_WARN_UNDECLARED_SELECTOR = YES;
				GCC_WARN_UNINITIALIZED_AUTOS = YES_AGGRESSIVE;
				GCC_WARN_UNUSED_FUNCTION = YES;
				GCC_WARN_UNUSED_VARIABLE = YES;
				IPHONEOS_DEPLOYMENT_TARGET = 9.3;
				MTL_ENABLE_DEBUG_INFO = YES;
				ONLY_ACTIVE_ARCH = YES;
				SDKROOT = iphoneos;
				SWIFT_OPTIMIZATION_LEVEL = "-Onone";
			};
			name = Debug;
		};
		3F14915A1E6483980046746A /* Release */ = {
			isa = XCBuildConfiguration;
			buildSettings = {
				ALWAYS_SEARCH_USER_PATHS = NO;
				CLANG_ANALYZER_NONNULL = YES;
				CLANG_CXX_LANGUAGE_STANDARD = "gnu++0x";
				CLANG_CXX_LIBRARY = "libc++";
				CLANG_ENABLE_MODULES = YES;
				CLANG_ENABLE_OBJC_ARC = YES;
				CLANG_WARN_BOOL_CONVERSION = YES;
				CLANG_WARN_CONSTANT_CONVERSION = YES;
				CLANG_WARN_DIRECT_OBJC_ISA_USAGE = YES_ERROR;
				CLANG_WARN_EMPTY_BODY = YES;
				CLANG_WARN_ENUM_CONVERSION = YES;
				CLANG_WARN_INT_CONVERSION = YES;
				CLANG_WARN_OBJC_ROOT_CLASS = YES_ERROR;
				CLANG_WARN_UNREACHABLE_CODE = YES;
				CLANG_WARN__DUPLICATE_METHOD_MATCH = YES;
				"CODE_SIGN_IDENTITY[sdk=iphoneos*]" = "iPhone Developer";
				COPY_PHASE_STRIP = NO;
				DEBUG_INFORMATION_FORMAT = "dwarf-with-dsym";
				ENABLE_NS_ASSERTIONS = NO;
				ENABLE_STRICT_OBJC_MSGSEND = YES;
				GCC_C_LANGUAGE_STANDARD = gnu99;
				GCC_NO_COMMON_BLOCKS = YES;
				GCC_WARN_64_TO_32_BIT_CONVERSION = YES;
				GCC_WARN_ABOUT_RETURN_TYPE = YES_ERROR;
				GCC_WARN_UNDECLARED_SELECTOR = YES;
				GCC_WARN_UNINITIALIZED_AUTOS = YES_AGGRESSIVE;
				GCC_WARN_UNUSED_FUNCTION = YES;
				GCC_WARN_UNUSED_VARIABLE = YES;
				IPHONEOS_DEPLOYMENT_TARGET = 9.3;
				MTL_ENABLE_DEBUG_INFO = NO;
				SDKROOT = iphoneos;
				VALIDATE_PRODUCT = YES;
			};
			name = Release;
		};
		3F14915C1E6483980046746A /* Debug */ = {
			isa = XCBuildConfiguration;
			buildSettings = {
				ASSETCATALOG_COMPILER_APPICON_NAME = AppIcon;
				INFOPLIST_FILE = gitHubProject/Info.plist;
				LD_RUNPATH_SEARCH_PATHS = "$(inherited) @executable_path/Frameworks";
				PRODUCT_BUNDLE_IDENTIFIER = com.unionbankph.gitHubProject;
				PRODUCT_NAME = "$(TARGET_NAME)";
			};
			name = Debug;
		};
		3F14915D1E6483980046746A /* Release */ = {
			isa = XCBuildConfiguration;
			buildSettings = {
				ASSETCATALOG_COMPILER_APPICON_NAME = AppIcon;
				INFOPLIST_FILE = gitHubProject/Info.plist;
				LD_RUNPATH_SEARCH_PATHS = "$(inherited) @executable_path/Frameworks";
				PRODUCT_BUNDLE_IDENTIFIER = com.unionbankph.gitHubProject;
				PRODUCT_NAME = "$(TARGET_NAME)";
			};
			name = Release;
		};
		3F14915F1E6483980046746A /* Debug */ = {
			isa = XCBuildConfiguration;
			buildSettings = {
				BUNDLE_LOADER = "$(TEST_HOST)";
				INFOPLIST_FILE = gitHubProjectTests/Info.plist;
				LD_RUNPATH_SEARCH_PATHS = "$(inherited) @executable_path/Frameworks @loader_path/Frameworks";
				PRODUCT_BUNDLE_IDENTIFIER = com.unionbankph.gitHubProjectTests;
				PRODUCT_NAME = "$(TARGET_NAME)";
				TEST_HOST = "$(BUILT_PRODUCTS_DIR)/gitHubProject.app/gitHubProject";
			};
			name = Debug;
		};
		3F1491601E6483980046746A /* Release */ = {
			isa = XCBuildConfiguration;
			buildSettings = {
				BUNDLE_LOADER = "$(TEST_HOST)";
				INFOPLIST_FILE = gitHubProjectTests/Info.plist;
				LD_RUNPATH_SEARCH_PATHS = "$(inherited) @executable_path/Frameworks @loader_path/Frameworks";
				PRODUCT_BUNDLE_IDENTIFIER = com.unionbankph.gitHubProjectTests;
				PRODUCT_NAME = "$(TARGET_NAME)";
				TEST_HOST = "$(BUILT_PRODUCTS_DIR)/gitHubProject.app/gitHubProject";
			};
			name = Release;
		};
		3F1491621E6483980046746A /* Debug */ = {
			isa = XCBuildConfiguration;
			buildSettings = {
				INFOPLIST_FILE = gitHubProjectUITests/Info.plist;
				LD_RUNPATH_SEARCH_PATHS = "$(inherited) @executable_path/Frameworks @loader_path/Frameworks";
				PRODUCT_BUNDLE_IDENTIFIER = com.unionbankph.gitHubProjectUITests;
				PRODUCT_NAME = "$(TARGET_NAME)";
				TEST_TARGET_NAME = gitHubProject;
			};
			name = Debug;
		};
		3F1491631E6483980046746A /* Release */ = {
			isa = XCBuildConfiguration;
			buildSettings = {
				INFOPLIST_FILE = gitHubProjectUITests/Info.plist;
				LD_RUNPATH_SEARCH_PATHS = "$(inherited) @executable_path/Frameworks @loader_path/Frameworks";
				PRODUCT_BUNDLE_IDENTIFIER = com.unionbankph.gitHubProjectUITests;
				PRODUCT_NAME = "$(TARGET_NAME)";
				TEST_TARGET_NAME = gitHubProject;
			};
			name = Release;
		};
/* End XCBuildConfiguration section */

/* Begin XCConfigurationList section */
		3F14912E1E6483970046746A /* Build configuration list for PBXProject "gitHubProject" */ = {
			isa = XCConfigurationList;
			buildConfigurations = (
				3F1491591E6483980046746A /* Debug */,
				3F14915A1E6483980046746A /* Release */,
			);
			defaultConfigurationIsVisible = 0;
			defaultConfigurationName = Release;
		};
		3F14915B1E6483980046746A /* Build configuration list for PBXNativeTarget "gitHubProject" */ = {
			isa = XCConfigurationList;
			buildConfigurations = (
				3F14915C1E6483980046746A /* Debug */,
				3F14915D1E6483980046746A /* Release */,
			);
			defaultConfigurationIsVisible = 0;
		};
		3F14915E1E6483980046746A /* Build configuration list for PBXNativeTarget "gitHubProjectTests" */ = {
			isa = XCConfigurationList;
			buildConfigurations = (
				3F14915F1E6483980046746A /* Debug */,
				3F1491601E6483980046746A /* Release */,
			);
			defaultConfigurationIsVisible = 0;
		};
		3F1491611E6483980046746A /* Build configuration list for PBXNativeTarget "gitHubProjectUITests" */ = {
			isa = XCConfigurationList;
			buildConfigurations = (
				3F1491621E6483980046746A /* Debug */,
				3F1491631E6483980046746A /* Release */,
			);
			defaultConfigurationIsVisible = 0;
		};
/* End XCConfigurationList section */
	};
	rootObject = 3F14912B1E6483970046746A /* Project object */;
}
